
Microsoft Visual Studio Solution File, Format Version 12.00
# Visual Studio Version 16
VisualStudioVersion = 16.0.31410.357
MinimumVisualStudioVersion = 10.0.40219.1
Project("{FAE04EC0-301F-11D3-BF4B-00C04F79EFBC}") = "ConversorBinaryDecimal", "ConversorBinaryDecimal.csproj", "{1DCBEDBF-EB41-4D89-8E0E-91893C7B45E6}"
EndProject
Global
	GlobalSection(SolutionConfigurationPlatforms) = preSolution
		Debug|Any CPU = Debug|Any CPU
		Release|Any CPU = Release|Any CPU
	EndGlobalSection
	GlobalSection(ProjectConfigurationPlatforms) = postSolution
		{1DCBEDBF-EB41-4D89-8E0E-91893C7B45E6}.Debug|Any CPU.ActiveCfg = Debug|Any CPU
		{1DCBEDBF-EB41-4D89-8E0E-91893C7B45E6}.Debug|Any CPU.Build.0 = Debug|Any CPU
		{1DCBEDBF-EB41-4D89-8E0E-91893C7B45E6}.Release|Any CPU.ActiveCfg = Release|Any CPU
		{1DCBEDBF-EB41-4D89-8E0E-91893C7B45E6}.Release|Any CPU.Build.0 = Release|Any CPU
	EndGlobalSection
	GlobalSection(SolutionProperties) = preSolution
		HideSolutionNode = FALSE
	EndGlobalSection
	GlobalSection(ExtensibilityGlobals) = postSolution
		SolutionGuid = {5DD49482-9545-42D0-8DC9-D1B476A1647E}
	EndGlobalSection
EndGlobal
